// !$*UTF8*$!
{
	archiveVersion = 1;
	classes = {
	};
	objectVersion = 46;
	objects = {

/* Begin PBXBuildFile section */
		5799315E17873FEE00059BB3 /* UIKit.framework in Frameworks */ = {isa = PBXBuildFile; fileRef = 5799315D17873FEE00059BB3 /* UIKit.framework */; };
		5799316017873FEE00059BB3 /* Foundation.framework in Frameworks */ = {isa = PBXBuildFile; fileRef = 5799315F17873FEE00059BB3 /* Foundation.framework */; };
		5799316217873FEE00059BB3 /* CoreGraphics.framework in Frameworks */ = {isa = PBXBuildFile; fileRef = 5799316117873FEE00059BB3 /* CoreGraphics.framework */; };
		5799316817873FEE00059BB3 /* InfoPlist.strings in Resources */ = {isa = PBXBuildFile; fileRef = 5799316617873FEE00059BB3 /* InfoPlist.strings */; };
		5799316A17873FEE00059BB3 /* main.m in Sources */ = {isa = PBXBuildFile; fileRef = 5799316917873FEE00059BB3 /* main.m */; };
		5799316E17873FEE00059BB3 /* AppDelegate.m in Sources */ = {isa = PBXBuildFile; fileRef = 5799316D17873FEE00059BB3 /* AppDelegate.m */; };
		5799317017873FEE00059BB3 /* Default.png in Resources */ = {isa = PBXBuildFile; fileRef = 5799316F17873FEE00059BB3 /* Default.png */; };
		5799317217873FEE00059BB3 /* Default@2x.png in Resources */ = {isa = PBXBuildFile; fileRef = 5799317117873FEE00059BB3 /* Default@2x.png */; };
		5799317417873FEE00059BB3 /* Default-568h@2x.png in Resources */ = {isa = PBXBuildFile; fileRef = 5799317317873FEE00059BB3 /* Default-568h@2x.png */; };
		5799317717873FEE00059BB3 /* ViewController.m in Sources */ = {isa = PBXBuildFile; fileRef = 5799317617873FEE00059BB3 /* ViewController.m */; };
		5799317A17873FEE00059BB3 /* ViewController.xib in Resources */ = {isa = PBXBuildFile; fileRef = 5799317817873FEE00059BB3 /* ViewController.xib */; };
		5799318217873FEE00059BB3 /* SenTestingKit.framework in Frameworks */ = {isa = PBXBuildFile; fileRef = 5799318117873FEE00059BB3 /* SenTestingKit.framework */; };
		5799318317873FEE00059BB3 /* UIKit.framework in Frameworks */ = {isa = PBXBuildFile; fileRef = 5799315D17873FEE00059BB3 /* UIKit.framework */; };
		5799318417873FEE00059BB3 /* Foundation.framework in Frameworks */ = {isa = PBXBuildFile; fileRef = 5799315F17873FEE00059BB3 /* Foundation.framework */; };
		5799318C17873FEE00059BB3 /* InfoPlist.strings in Resources */ = {isa = PBXBuildFile; fileRef = 5799318A17873FEE00059BB3 /* InfoPlist.strings */; };
		5799318F17873FEE00059BB3 /* ReactiveCocoaDemoTests.m in Sources */ = {isa = PBXBuildFile; fileRef = 5799318E17873FEE00059BB3 /* ReactiveCocoaDemoTests.m */; };
		E2AE1615E45C4A298D7386D4 /* libPods.a in Frameworks */ = {isa = PBXBuildFile; fileRef = D16E5BEDC4AF4A6E84A08F13 /* libPods.a */; };
/* End PBXBuildFile section */

/* Begin PBXContainerItemProxy section */
		5799318517873FEE00059BB3 /* PBXContainerItemProxy */ = {
			isa = PBXContainerItemProxy;
			containerPortal = 5799315217873FEE00059BB3 /* Project object */;
			proxyType = 1;
			remoteGlobalIDString = 5799315917873FEE00059BB3;
			remoteInfo = ReactiveCocoaDemo;
		};
/* End PBXContainerItemProxy section */

/* Begin PBXFileReference section */
		4F7090B891B24DE0AFF87FC8 /* Pods/Pods.xcconfig */ = {isa = PBXFileReference; includeInIndex = 1; lastKnownFileType = text.xcconfig; path = Pods/Pods.xcconfig; sourceTree = SOURCE_ROOT; };
		5799315A17873FEE00059BB3 /* ReactiveCocoaDemo.app */ = {isa = PBXFileReference; explicitFileType = wrapper.application; includeInIndex = 0; path = ReactiveCocoaDemo.app; sourceTree = BUILT_PRODUCTS_DIR; };
		5799315D17873FEE00059BB3 /* UIKit.framework */ = {isa = PBXFileReference; lastKnownFileType = wrapper.framework; name = UIKit.framework; path = System/Library/Frameworks/UIKit.framework; sourceTree = SDKROOT; };
		5799315F17873FEE00059BB3 /* Foundation.framework */ = {isa = PBXFileReference; lastKnownFileType = wrapper.framework; name = Foundation.framework; path = System/Library/Frameworks/Foundation.framework; sourceTree = SDKROOT; };
		5799316117873FEE00059BB3 /* CoreGraphics.framework */ = {isa = PBXFileReference; lastKnownFileType = wrapper.framework; name = CoreGraphics.framework; path = System/Library/Frameworks/CoreGraphics.framework; sourceTree = SDKROOT; };
		5799316517873FEE00059BB3 /* ReactiveCocoaDemo-Info.plist */ = {isa = PBXFileReference; lastKnownFileType = text.plist.xml; path = "ReactiveCocoaDemo-Info.plist"; sourceTree = "<group>"; };
		5799316717873FEE00059BB3 /* en */ = {isa = PBXFileReference; lastKnownFileType = text.plist.strings; name = en; path = en.lproj/InfoPlist.strings; sourceTree = "<group>"; };
		5799316917873FEE00059BB3 /* main.m */ = {isa = PBXFileReference; lastKnownFileType = sourcecode.c.objc; path = main.m; sourceTree = "<group>"; };
		5799316B17873FEE00059BB3 /* ReactiveCocoaDemo-Prefix.pch */ = {isa = PBXFileReference; lastKnownFileType = sourcecode.c.h; path = "ReactiveCocoaDemo-Prefix.pch"; sourceTree = "<group>"; };
		5799316C17873FEE00059BB3 /* AppDelegate.h */ = {isa = PBXFileReference; lastKnownFileType = sourcecode.c.h; path = AppDelegate.h; sourceTree = "<group>"; };
		5799316D17873FEE00059BB3 /* AppDelegate.m */ = {isa = PBXFileReference; lastKnownFileType = sourcecode.c.objc; path = AppDelegate.m; sourceTree = "<group>"; };
		5799316F17873FEE00059BB3 /* Default.png */ = {isa = PBXFileReference; lastKnownFileType = image.png; path = Default.png; sourceTree = "<group>"; };
		5799317117873FEE00059BB3 /* Default@2x.png */ = {isa = PBXFileReference; lastKnownFileType = image.png; path = "Default@2x.png"; sourceTree = "<group>"; };
		5799317317873FEE00059BB3 /* Default-568h@2x.png */ = {isa = PBXFileReference; lastKnownFileType = image.png; path = "Default-568h@2x.png"; sourceTree = "<group>"; };
		5799317517873FEE00059BB3 /* ViewController.h */ = {isa = PBXFileReference; lastKnownFileType = sourcecode.c.h; path = ViewController.h; sourceTree = "<group>"; };
		5799317617873FEE00059BB3 /* ViewController.m */ = {isa = PBXFileReference; lastKnownFileType = sourcecode.c.objc; path = ViewController.m; sourceTree = "<group>"; };
		5799317917873FEE00059BB3 /* en */ = {isa = PBXFileReference; lastKnownFileType = file.xib; name = en; path = en.lproj/ViewController.xib; sourceTree = "<group>"; };
		5799318017873FEE00059BB3 /* ReactiveCocoaDemoTests.octest */ = {isa = PBXFileReference; explicitFileType = wrapper.cfbundle; includeInIndex = 0; path = ReactiveCocoaDemoTests.octest; sourceTree = BUILT_PRODUCTS_DIR; };
		5799318117873FEE00059BB3 /* SenTestingKit.framework */ = {isa = PBXFileReference; lastKnownFileType = wrapper.framework; name = SenTestingKit.framework; path = Library/Frameworks/SenTestingKit.framework; sourceTree = DEVELOPER_DIR; };
		5799318917873FEE00059BB3 /* ReactiveCocoaDemoTests-Info.plist */ = {isa = PBXFileReference; lastKnownFileType = text.plist.xml; path = "ReactiveCocoaDemoTests-Info.plist"; sourceTree = "<group>"; };
		5799318B17873FEE00059BB3 /* en */ = {isa = PBXFileReference; lastKnownFileType = text.plist.strings; name = en; path = en.lproj/InfoPlist.strings; sourceTree = "<group>"; };
		5799318D17873FEE00059BB3 /* ReactiveCocoaDemoTests.h */ = {isa = PBXFileReference; lastKnownFileType = sourcecode.c.h; path = ReactiveCocoaDemoTests.h; sourceTree = "<group>"; };
		5799318E17873FEE00059BB3 /* ReactiveCocoaDemoTests.m */ = {isa = PBXFileReference; lastKnownFileType = sourcecode.c.objc; path = ReactiveCocoaDemoTests.m; sourceTree = "<group>"; };
		D16E5BEDC4AF4A6E84A08F13 /* libPods.a */ = {isa = PBXFileReference; explicitFileType = archive.ar; includeInIndex = 0; path = libPods.a; sourceTree = BUILT_PRODUCTS_DIR; };
/* End PBXFileReference section */

/* Begin PBXFrameworksBuildPhase section */
		5799315717873FEE00059BB3 /* Frameworks */ = {
			isa = PBXFrameworksBuildPhase;
			buildActionMask = 2147483647;
			files = (
				5799315E17873FEE00059BB3 /* UIKit.framework in Frameworks */,
				5799316017873FEE00059BB3 /* Foundation.framework in Frameworks */,
				5799316217873FEE00059BB3 /* CoreGraphics.framework in Frameworks */,
				E2AE1615E45C4A298D7386D4 /* libPods.a in Frameworks */,
			);
			runOnlyForDeploymentPostprocessing = 0;
		};
		5799317C17873FEE00059BB3 /* Frameworks */ = {
			isa = PBXFrameworksBuildPhase;
			buildActionMask = 2147483647;
			files = (
				5799318217873FEE00059BB3 /* SenTestingKit.framework in Frameworks */,
				5799318317873FEE00059BB3 /* UIKit.framework in Frameworks */,
				5799318417873FEE00059BB3 /* Foundation.framework in Frameworks */,
			);
			runOnlyForDeploymentPostprocessing = 0;
		};
/* End PBXFrameworksBuildPhase section */

/* Begin PBXGroup section */
		5799315117873FEE00059BB3 = {
			isa = PBXGroup;
			children = (
				5799316317873FEE00059BB3 /* ReactiveCocoaDemo */,
				5799318717873FEE00059BB3 /* ReactiveCocoaDemoTests */,
				5799315C17873FEE00059BB3 /* Frameworks */,
				5799315B17873FEE00059BB3 /* Products */,
				4F7090B891B24DE0AFF87FC8 /* Pods/Pods.xcconfig */,
			);
			sourceTree = "<group>";
		};
		5799315B17873FEE00059BB3 /* Products */ = {
			isa = PBXGroup;
			children = (
				5799315A17873FEE00059BB3 /* ReactiveCocoaDemo.app */,
				5799318017873FEE00059BB3 /* ReactiveCocoaDemoTests.octest */,
			);
			name = Products;
			sourceTree = "<group>";
		};
		5799315C17873FEE00059BB3 /* Frameworks */ = {
			isa = PBXGroup;
			children = (
				5799315D17873FEE00059BB3 /* UIKit.framework */,
				5799315F17873FEE00059BB3 /* Foundation.framework */,
				5799316117873FEE00059BB3 /* CoreGraphics.framework */,
				5799318117873FEE00059BB3 /* SenTestingKit.framework */,
				D16E5BEDC4AF4A6E84A08F13 /* libPods.a */,
			);
			name = Frameworks;
			sourceTree = "<group>";
		};
		5799316317873FEE00059BB3 /* ReactiveCocoaDemo */ = {
			isa = PBXGroup;
			children = (
				5799316C17873FEE00059BB3 /* AppDelegate.h */,
				5799316D17873FEE00059BB3 /* AppDelegate.m */,
				5799317517873FEE00059BB3 /* ViewController.h */,
				5799317617873FEE00059BB3 /* ViewController.m */,
				5799317817873FEE00059BB3 /* ViewController.xib */,
				5799316417873FEE00059BB3 /* Supporting Files */,
			);
			path = ReactiveCocoaDemo;
			sourceTree = "<group>";
		};
		5799316417873FEE00059BB3 /* Supporting Files */ = {
			isa = PBXGroup;
			children = (
				5799316517873FEE00059BB3 /* ReactiveCocoaDemo-Info.plist */,
				5799316617873FEE00059BB3 /* InfoPlist.strings */,
				5799316917873FEE00059BB3 /* main.m */,
				5799316B17873FEE00059BB3 /* ReactiveCocoaDemo-Prefix.pch */,
				5799316F17873FEE00059BB3 /* Default.png */,
				5799317117873FEE00059BB3 /* Default@2x.png */,
				5799317317873FEE00059BB3 /* Default-568h@2x.png */,
			);
			name = "Supporting Files";
			sourceTree = "<group>";
		};
		5799318717873FEE00059BB3 /* ReactiveCocoaDemoTests */ = {
			isa = PBXGroup;
			children = (
				5799318D17873FEE00059BB3 /* ReactiveCocoaDemoTests.h */,
				5799318E17873FEE00059BB3 /* ReactiveCocoaDemoTests.m */,
				5799318817873FEE00059BB3 /* Supporting Files */,
			);
			path = ReactiveCocoaDemoTests;
			sourceTree = "<group>";
		};
		5799318817873FEE00059BB3 /* Supporting Files */ = {
			isa = PBXGroup;
			children = (
				5799318917873FEE00059BB3 /* ReactiveCocoaDemoTests-Info.plist */,
				5799318A17873FEE00059BB3 /* InfoPlist.strings */,
			);
			name = "Supporting Files";
			sourceTree = "<group>";
		};
/* End PBXGroup section */

/* Begin PBXNativeTarget section */
		5799315917873FEE00059BB3 /* ReactiveCocoaDemo */ = {
			isa = PBXNativeTarget;
			buildConfigurationList = 5799319217873FEE00059BB3 /* Build configuration list for PBXNativeTarget "ReactiveCocoaDemo" */;
			buildPhases = (
				8D64809271634F26A60525F4 /* Check Pods Manifest.lock */,
				5799315617873FEE00059BB3 /* Sources */,
				5799315717873FEE00059BB3 /* Frameworks */,
				5799315817873FEE00059BB3 /* Resources */,
				E059E7DCBD7B485AA0B5B55B /* Copy Pods Resources */,
			);
			buildRules = (
			);
			dependencies = (
			);
			name = ReactiveCocoaDemo;
			productName = ReactiveCocoaDemo;
			productReference = 5799315A17873FEE00059BB3 /* ReactiveCocoaDemo.app */;
			productType = "com.apple.product-type.application";
		};
		5799317F17873FEE00059BB3 /* ReactiveCocoaDemoTests */ = {
			isa = PBXNativeTarget;
			buildConfigurationList = 5799319517873FEE00059BB3 /* Build configuration list for PBXNativeTarget "ReactiveCocoaDemoTests" */;
			buildPhases = (
				5799317B17873FEE00059BB3 /* Sources */,
				5799317C17873FEE00059BB3 /* Frameworks */,
				5799317D17873FEE00059BB3 /* Resources */,
				5799317E17873FEE00059BB3 /* ShellScript */,
			);
			buildRules = (
			);
			dependencies = (
				5799318617873FEE00059BB3 /* PBXTargetDependency */,
			);
			name = ReactiveCocoaDemoTests;
			productName = ReactiveCocoaDemoTests;
			productReference = 5799318017873FEE00059BB3 /* ReactiveCocoaDemoTests.octest */;
			productType = "com.apple.product-type.bundle";
		};
/* End PBXNativeTarget section */

/* Begin PBXProject section */
		5799315217873FEE00059BB3 /* Project object */ = {
			isa = PBXProject;
			attributes = {
				LastUpgradeCheck = 0460;
				ORGANIZATIONNAME = "Hari B";
			};
			buildConfigurationList = 5799315517873FEE00059BB3 /* Build configuration list for PBXProject "ReactiveCocoaDemo" */;
			compatibilityVersion = "Xcode 3.2";
			developmentRegion = English;
			hasScannedForEncodings = 0;
			knownRegions = (
				en,
			);
			mainGroup = 5799315117873FEE00059BB3;
			productRefGroup = 5799315B17873FEE00059BB3 /* Products */;
			projectDirPath = "";
			projectReferences = (
			);
			projectRoot = "";
			targets = (
				5799315917873FEE00059BB3 /* ReactiveCocoaDemo */,
				5799317F17873FEE00059BB3 /* ReactiveCocoaDemoTests */,
			);
		};
/* End PBXProject section */

/* Begin PBXResourcesBuildPhase section */
		5799315817873FEE00059BB3 /* Resources */ = {
			isa = PBXResourcesBuildPhase;
			buildActionMask = 2147483647;
			files = (
				5799316817873FEE00059BB3 /* InfoPlist.strings in Resources */,
				5799317017873FEE00059BB3 /* Default.png in Resources */,
				5799317217873FEE00059BB3 /* Default@2x.png in Resources */,
				5799317417873FEE00059BB3 /* Default-568h@2x.png in Resources */,
				5799317A17873FEE00059BB3 /* ViewController.xib in Resources */,
			);
			runOnlyForDeploymentPostprocessing = 0;
		};
		5799317D17873FEE00059BB3 /* Resources */ = {
			isa = PBXResourcesBuildPhase;
			buildActionMask = 2147483647;
			files = (
				5799318C17873FEE00059BB3 /* InfoPlist.strings in Resources */,
			);
			runOnlyForDeploymentPostprocessing = 0;
		};
/* End PBXResourcesBuildPhase section */

/* Begin PBXShellScriptBuildPhase section */
		5799317E17873FEE00059BB3 /* ShellScript */ = {
			isa = PBXShellScriptBuildPhase;
			buildActionMask = 2147483647;
			files = (
			);
			inputPaths = (
			);
			outputPaths = (
			);
			runOnlyForDeploymentPostprocessing = 0;
			shellPath = /bin/sh;
			shellScript = "# Run the unit tests in this test bundle.\n\"${SYSTEM_DEVELOPER_DIR}/Tools/RunUnitTests\"\n";
		};
		8D64809271634F26A60525F4 /* Check Pods Manifest.lock */ = {
			isa = PBXShellScriptBuildPhase;
			buildActionMask = 2147483647;
			files = (
			);
			inputPaths = (
			);
			name = "Check Pods Manifest.lock";
			outputPaths = (
			);
			runOnlyForDeploymentPostprocessing = 0;
			shellPath = /bin/sh;
			shellScript = "diff \"${PODS_ROOT}/../Podfile.lock\" \"${PODS_ROOT}/Manifest.lock\" > /dev/null\nif [[ $? != 0 ]] ; then\n    cat << EOM\nerror: The sandbox is not in sync with the Podfile.lock. Run 'pod install' or update your CocoaPods installation.\nEOM\n    exit 1\nfi\n";
			showEnvVarsInLog = 0;
		};
		E059E7DCBD7B485AA0B5B55B /* Copy Pods Resources */ = {
			isa = PBXShellScriptBuildPhase;
			buildActionMask = 2147483647;
			files = (
			);
			inputPaths = (
			);
			name = "Copy Pods Resources";
			outputPaths = (
			);
			runOnlyForDeploymentPostprocessing = 0;
			shellPath = /bin/sh;
			shellScript = "\"${SRCROOT}/Pods/Pods-resources.sh\"\n";
			showEnvVarsInLog = 0;
		};
/* End PBXShellScriptBuildPhase section */

/* Begin PBXSourcesBuildPhase section */
		5799315617873FEE00059BB3 /* Sources */ = {
			isa = PBXSourcesBuildPhase;
			buildActionMask = 2147483647;
			files = (
				5799316A17873FEE00059BB3 /* main.m in Sources */,
				5799316E17873FEE00059BB3 /* AppDelegate.m in Sources */,
				5799317717873FEE00059BB3 /* ViewController.m in Sources */,
			);
			runOnlyForDeploymentPostprocessing = 0;
		};
		5799317B17873FEE00059BB3 /* Sources */ = {
			isa = PBXSourcesBuildPhase;
			buildActionMask = 2147483647;
			files = (
				5799318F17873FEE00059BB3 /* ReactiveCocoaDemoTests.m in Sources */,
			);
			runOnlyForDeploymentPostprocessing = 0;
		};
/* End PBXSourcesBuildPhase section */

/* Begin PBXTargetDependency section */
		5799318617873FEE00059BB3 /* PBXTargetDependency */ = {
			isa = PBXTargetDependency;
			target = 5799315917873FEE00059BB3 /* ReactiveCocoaDemo */;
			targetProxy = 5799318517873FEE00059BB3 /* PBXContainerItemProxy */;
		};
/* End PBXTargetDependency section */

/* Begin PBXVariantGroup section */
		5799316617873FEE00059BB3 /* InfoPlist.strings */ = {
			isa = PBXVariantGroup;
			children = (
				5799316717873FEE00059BB3 /* en */,
			);
			name = InfoPlist.strings;
			sourceTree = "<group>";
		};
		5799317817873FEE00059BB3 /* ViewController.xib */ = {
			isa = PBXVariantGroup;
			children = (
				5799317917873FEE00059BB3 /* en */,
			);
			name = ViewController.xib;
			sourceTree = "<group>";
		};
		5799318A17873FEE00059BB3 /* InfoPlist.strings */ = {
			isa = PBXVariantGroup;
			children = (
				5799318B17873FEE00059BB3 /* en */,
			);
			name = InfoPlist.strings;
			sourceTree = "<group>";
		};
/* End PBXVariantGroup section */

/* Begin XCBuildConfiguration section */
		5799319017873FEE00059BB3 /* Debug */ = {
			isa = XCBuildConfiguration;
			buildSettings = {
				ALWAYS_SEARCH_USER_PATHS = NO;
				CLANG_CXX_LANGUAGE_STANDARD = "gnu++0x";
				CLANG_CXX_LIBRARY = "libc++";
				CLANG_ENABLE_OBJC_ARC = YES;
				CLANG_WARN_CONSTANT_CONVERSION = YES;
				CLANG_WARN_EMPTY_BODY = YES;
				CLANG_WARN_ENUM_CONVERSION = YES;
				CLANG_WARN_INT_CONVERSION = YES;
				CLANG_WARN__DUPLICATE_METHOD_MATCH = YES;
				"CODE_SIGN_IDENTITY[sdk=iphoneos*]" = "iPhone Developer";
				COPY_PHASE_STRIP = NO;
				GCC_C_LANGUAGE_STANDARD = gnu99;
				GCC_DYNAMIC_NO_PIC = NO;
				GCC_OPTIMIZATION_LEVEL = 0;
				GCC_PREPROCESSOR_DEFINITIONS = (
					"DEBUG=1",
					"$(inherited)",
				);
				GCC_SYMBOLS_PRIVATE_EXTERN = NO;
				GCC_WARN_ABOUT_RETURN_TYPE = YES;
				GCC_WARN_UNINITIALIZED_AUTOS = YES;
				GCC_WARN_UNUSED_VARIABLE = YES;
				IPHONEOS_DEPLOYMENT_TARGET = 6.1;
				ONLY_ACTIVE_ARCH = YES;
				SDKROOT = iphoneos;
			};
			name = Debug;
		};
		5799319117873FEE00059BB3 /* Release */ = {
			isa = XCBuildConfiguration;
			buildSettings = {
				ALWAYS_SEARCH_USER_PATHS = NO;
				CLANG_CXX_LANGUAGE_STANDARD = "gnu++0x";
				CLANG_CXX_LIBRARY = "libc++";
				CLANG_ENABLE_OBJC_ARC = YES;
				CLANG_WARN_CONSTANT_CONVERSION = YES;
				CLANG_WARN_EMPTY_BODY = YES;
				CLANG_WARN_ENUM_CONVERSION = YES;
				CLANG_WARN_INT_CONVERSION = YES;
				CLANG_WARN__DUPLICATE_METHOD_MATCH = YES;
				"CODE_SIGN_IDENTITY[sdk=iphoneos*]" = "iPhone Developer";
				COPY_PHASE_STRIP = YES;
				GCC_C_LANGUAGE_STANDARD = gnu99;
				GCC_WARN_ABOUT_RETURN_TYPE = YES;
				GCC_WARN_UNINITIALIZED_AUTOS = YES;
				GCC_WARN_UNUSED_VARIABLE = YES;
				IPHONEOS_DEPLOYMENT_TARGET = 6.1;
				OTHER_CFLAGS = "-DNS_BLOCK_ASSERTIONS=1";
				SDKROOT = iphoneos;
				VALIDATE_PRODUCT = YES;
			};
			name = Release;
		};
		5799319317873FEE00059BB3 /* Debug */ = {
			isa = XCBuildConfiguration;
			baseConfigurationReference = 4F7090B891B24DE0AFF87FC8 /* Pods/Pods.xcconfig */;
			buildSettings = {
				GCC_PRECOMPILE_PREFIX_HEADER = YES;
				GCC_PREFIX_HEADER = "ReactiveCocoaDemo/ReactiveCocoaDemo-Prefix.pch";
				INFOPLIST_FILE = "ReactiveCocoaDemo/ReactiveCocoaDemo-Info.plist";
				PRODUCT_NAME = "$(TARGET_NAME)";
				WRAPPER_EXTENSION = app;
			};
			name = Debug;
		};
		5799319417873FEE00059BB3 /* Release */ = {
			isa = XCBuildConfiguration;
			baseConfigurationReference = 4F7090B891B24DE0AFF87FC8 /* Pods/Pods.xcconfig */;
			buildSettings = {
				GCC_PRECOMPILE_PREFIX_HEADER = YES;
				GCC_PREFIX_HEADER = "ReactiveCocoaDemo/ReactiveCocoaDemo-Prefix.pch";
				INFOPLIST_FILE = "ReactiveCocoaDemo/ReactiveCocoaDemo-Info.plist";
				PRODUCT_NAME = "$(TARGET_NAME)";
				WRAPPER_EXTENSION = app;
			};
			name = Release;
		};
		5799319617873FEE00059BB3 /* Debug */ = {
			isa = XCBuildConfiguration;
			buildSettings = {
				BUNDLE_LOADER = "$(BUILT_PRODUCTS_DIR)/ReactiveCocoaDemo.app/ReactiveCocoaDemo";
				FRAMEWORK_SEARCH_PATHS = (
					"\"$(SDKROOT)/Developer/Library/Frameworks\"",
					"\"$(DEVELOPER_LIBRARY_DIR)/Frameworks\"",
				);
				GCC_PRECOMPILE_PREFIX_HEADER = YES;
				GCC_PREFIX_HEADER = "ReactiveCocoaDemo/ReactiveCocoaDemo-Prefix.pch";
				INFOPLIST_FILE = "ReactiveCocoaDemoTests/ReactiveCocoaDemoTests-Info.plist";
				PRODUCT_NAME = "$(TARGET_NAME)";
				TEST_HOST = "$(BUNDLE_LOADER)";
				WRAPPER_EXTENSION = octest;
			};
			name = Debug;
		};
		5799319717873FEE00059BB3 /* Release */ = {
			isa = XCBuildConfiguration;
			buildSettings = {
				BUNDLE_LOADER = "$(BUILT_PRODUCTS_DIR)/ReactiveCocoaDemo.app/ReactiveCocoaDemo";
				FRAMEWORK_SEARCH_PATHS = (
					"\"$(SDKROOT)/Developer/Library/Frameworks\"",
					"\"$(DEVELOPER_LIBRARY_DIR)/Frameworks\"",
				);
				GCC_PRECOMPILE_PREFIX_HEADER = YES;
				GCC_PREFIX_HEADER = "ReactiveCocoaDemo/ReactiveCocoaDemo-Prefix.pch";
				INFOPLIST_FILE = "ReactiveCocoaDemoTests/ReactiveCocoaDemoTests-Info.plist";
				PRODUCT_NAME = "$(TARGET_NAME)";
				TEST_HOST = "$(BUNDLE_LOADER)";
				WRAPPER_EXTENSION = octest;
			};
			name = Release;
		};
/* End XCBuildConfiguration section */

/* Begin XCConfigurationList section */
		5799315517873FEE00059BB3 /* Build configuration list for PBXProject "ReactiveCocoaDemo" */ = {
			isa = XCConfigurationList;
			buildConfigurations = (
				5799319017873FEE00059BB3 /* Debug */,
				5799319117873FEE00059BB3 /* Release */,
			);
			defaultConfigurationIsVisible = 0;
			defaultConfigurationName = Release;
		};
		5799319217873FEE00059BB3 /* Build configuration list for PBXNativeTarget "ReactiveCocoaDemo" */ = {
			isa = XCConfigurationList;
			buildConfigurations = (
				5799319317873FEE00059BB3 /* Debug */,
				5799319417873FEE00059BB3 /* Release */,
			);
			defaultConfigurationIsVisible = 0;
		};
		5799319517873FEE00059BB3 /* Build configuration list for PBXNativeTarget "ReactiveCocoaDemoTests" */ = {
			isa = XCConfigurationList;
			buildConfigurations = (
				5799319617873FEE00059BB3 /* Debug */,
				5799319717873FEE00059BB3 /* Release */,
			);
			defaultConfigurationIsVisible = 0;
		};
/* End XCConfigurationList section */
	};
	rootObject = 5799315217873FEE00059BB3 /* Project object */;
}
